{
  "name": "ee",
  "version": "1.0.0",
  "lockfileVersion": 1,
  "requires": true,
  "dependencies": {
    "@babel/parser": {
      "version": "7.22.7",
      "resolved": "https://registry.npmjs.org/@babel/parser/-/parser-7.22.7.tgz",
      "integrity": "sha512-7NF8pOkHP5o2vpmGgNGcfAeCvOYhGLyA3Z4eBQkT1RJlWu47n63bCs93QfJ2hIAFCil7L5P2IWhs1oToVgrL0Q=="
    },
    "@esbuild/android-arm": {
      "version": "0.18.13",
      "resolved": "https://registry.npmjs.org/@esbuild/android-arm/-/android-arm-0.18.13.tgz",
      "integrity": "sha512-KwqFhxRFMKZINHzCqf8eKxE0XqWlAVPRxwy6rc7CbVFxzUWB2sA/s3hbMZeemPdhN3fKBkqOaFhTbS8xJXYIWQ==",
      "dev": true,
      "optional": true
    },
    "@esbuild/android-arm64": {
      "version": "0.18.13",
      "resolved": "https://registry.npmjs.org/@esbuild/android-arm64/-/android-arm64-0.18.13.tgz",
      "integrity": "sha512-j7NhycJUoUAG5kAzGf4fPWfd17N6SM3o1X6MlXVqfHvs2buFraCJzos9vbeWjLxOyBKHyPOnuCuipbhvbYtTAg==",
      "dev": true,
      "optional": true
    },
    "@esbuild/android-x64": {
      "version": "0.18.13",
      "resolved": "https://registry.npmjs.org/@esbuild/android-x64/-/android-x64-0.18.13.tgz",
      "integrity": "sha512-M2eZkRxR6WnWfVELHmv6MUoHbOqnzoTVSIxgtsyhm/NsgmL+uTmag/VVzdXvmahak1I6sOb1K/2movco5ikDJg==",
      "dev": true,
      "optional": true
    },
    "@esbuild/darwin-arm64": {
      "version": "0.18.13",
      "resolved": "https://registry.npmjs.org/@esbuild/darwin-arm64/-/darwin-arm64-0.18.13.tgz",
      "integrity": "sha512-f5goG30YgR1GU+fxtaBRdSW3SBG9pZW834Mmhxa6terzcboz7P2R0k4lDxlkP7NYRIIdBbWp+VgwQbmMH4yV7w==",
      "dev": true,
      "optional": true
    },
    "@esbuild/darwin-x64": {
      "version": "0.18.13",
      "resolved": "https://registry.npmjs.org/@esbuild/darwin-x64/-/darwin-x64-0.18.13.tgz",
      "integrity": "sha512-RIrxoKH5Eo+yE5BtaAIMZaiKutPhZjw+j0OCh8WdvKEKJQteacq0myZvBDLU+hOzQOZWJeDnuQ2xgSScKf1Ovw==",
      "dev": true,
      "optional": true
    },
    "@esbuild/freebsd-arm64": {
      "version": "0.18.13",
      "resolved": "https://registry.npmjs.org/@esbuild/freebsd-arm64/-/freebsd-arm64-0.18.13.tgz",
      "integrity": "sha512-AfRPhHWmj9jGyLgW/2FkYERKmYR+IjYxf2rtSLmhOrPGFh0KCETFzSjx/JX/HJnvIqHt/DRQD/KAaVsUKoI3Xg==",
      "dev": true,
      "optional": true
    },
    "@esbuild/freebsd-x64": {
      "version": "0.18.13",
      "resolved": "https://registry.npmjs.org/@esbuild/freebsd-x64/-/freebsd-x64-0.18.13.tgz",
      "integrity": "sha512-pGzWWZJBInhIgdEwzn8VHUBang8UvFKsvjDkeJ2oyY5gZtAM6BaxK0QLCuZY+qoj/nx/lIaItH425rm/hloETA==",
      "dev": true,
      "optional": true
    },
    "@esbuild/linux-arm": {
      "version": "0.18.13",
      "resolved": "https://registry.npmjs.org/@esbuild/linux-arm/-/linux-arm-0.18.13.tgz",
      "integrity": "sha512-4iMxLRMCxGyk7lEvkkvrxw4aJeC93YIIrfbBlUJ062kilUUnAiMb81eEkVvCVoh3ON283ans7+OQkuy1uHW+Hw==",
      "dev": true,
      "optional": true
    },
    "@esbuild/linux-arm64": {
      "version": "0.18.13",
      "resolved": "https://registry.npmjs.org/@esbuild/linux-arm64/-/linux-arm64-0.18.13.tgz",
      "integrity": "sha512-hCzZbVJEHV7QM77fHPv2qgBcWxgglGFGCxk6KfQx6PsVIdi1u09X7IvgE9QKqm38OpkzaAkPnnPqwRsltvLkIQ==",
      "dev": true,
      "optional": true
    },
    "@esbuild/linux-ia32": {
      "version": "0.18.13",
      "resolved": "https://registry.npmjs.org/@esbuild/linux-ia32/-/linux-ia32-0.18.13.tgz",
      "integrity": "sha512-I3OKGbynl3AAIO6onXNrup/ttToE6Rv2XYfFgLK/wnr2J+1g+7k4asLrE+n7VMhaqX+BUnyWkCu27rl+62Adug==",
      "dev": true,
      "optional": true
    },
    "@esbuild/linux-loong64": {
      "version": "0.18.13",
      "resolved": "https://registry.npmjs.org/@esbuild/linux-loong64/-/linux-loong64-0.18.13.tgz",
      "integrity": "sha512-8pcKDApAsKc6WW51ZEVidSGwGbebYw2qKnO1VyD8xd6JN0RN6EUXfhXmDk9Vc4/U3Y4AoFTexQewQDJGsBXBpg==",
      "dev": true,
      "optional": true
    },
    "@esbuild/linux-mips64el": {
      "version": "0.18.13",
      "resolved": "https://registry.npmjs.org/@esbuild/linux-mips64el/-/linux-mips64el-0.18.13.tgz",
      "integrity": "sha512-6GU+J1PLiVqWx8yoCK4Z0GnfKyCGIH5L2KQipxOtbNPBs+qNDcMJr9euxnyJ6FkRPyMwaSkjejzPSISD9hb+gg==",
      "dev": true,
      "optional": true
    },
    "@esbuild/linux-ppc64": {
      "version": "0.18.13",
      "resolved": "https://registry.npmjs.org/@esbuild/linux-ppc64/-/linux-ppc64-0.18.13.tgz",
      "integrity": "sha512-pfn/OGZ8tyR8YCV7MlLl5hAit2cmS+j/ZZg9DdH0uxdCoJpV7+5DbuXrR+es4ayRVKIcfS9TTMCs60vqQDmh+w==",
      "dev": true,
      "optional": true
    },
    "@esbuild/linux-riscv64": {
      "version": "0.18.13",
      "resolved": "https://registry.npmjs.org/@esbuild/linux-riscv64/-/linux-riscv64-0.18.13.tgz",
      "integrity": "sha512-aIbhU3LPg0lOSCfVeGHbmGYIqOtW6+yzO+Nfv57YblEK01oj0mFMtvDJlOaeAZ6z0FZ9D13oahi5aIl9JFphGg==",
      "dev": true,
      "optional": true
    },
    "@esbuild/linux-s390x": {
      "version": "0.18.13",
      "resolved": "https://registry.npmjs.org/@esbuild/linux-s390x/-/linux-s390x-0.18.13.tgz",
      "integrity": "sha512-Pct1QwF2sp+5LVi4Iu5Y+6JsGaV2Z2vm4O9Dd7XZ5tKYxEHjFtb140fiMcl5HM1iuv6xXO8O1Vrb1iJxHlv8UA==",
      "dev": true,
      "optional": true
    },
    "@esbuild/linux-x64": {
      "version": "0.18.13",
      "resolved": "https://registry.npmjs.org/@esbuild/linux-x64/-/linux-x64-0.18.13.tgz",
      "integrity": "sha512-zTrIP0KzYP7O0+3ZnmzvUKgGtUvf4+piY8PIO3V8/GfmVd3ZyHJGz7Ht0np3P1wz+I8qJ4rjwJKqqEAbIEPngA==",
      "dev": true,
      "optional": true
    },
    "@esbuild/netbsd-x64": {
      "version": "0.18.13",
      "resolved": "https://registry.npmjs.org/@esbuild/netbsd-x64/-/netbsd-x64-0.18.13.tgz",
      "integrity": "sha512-I6zs10TZeaHDYoGxENuksxE1sxqZpCp+agYeW039yqFwh3MgVvdmXL5NMveImOC6AtpLvE4xG5ujVic4NWFIDQ==",
      "dev": true,
      "optional": true
    },
    "@esbuild/openbsd-x64": {
      "version": "0.18.13",
      "resolved": "https://registry.npmjs.org/@esbuild/openbsd-x64/-/openbsd-x64-0.18.13.tgz",
      "integrity": "sha512-W5C5nczhrt1y1xPG5bV+0M12p2vetOGlvs43LH8SopQ3z2AseIROu09VgRqydx5qFN7y9qCbpgHLx0kb0TcW7g==",
      "dev": true,
      "optional": true
    },
    "@esbuild/sunos-x64": {
      "version": "0.18.13",
      "resolved": "https://registry.npmjs.org/@esbuild/sunos-x64/-/sunos-x64-0.18.13.tgz",
      "integrity": "sha512-X/xzuw4Hzpo/yq3YsfBbIsipNgmsm8mE/QeWbdGdTTeZ77fjxI2K0KP3AlhZ6gU3zKTw1bKoZTuKLnqcJ537qw==",
      "dev": true,
      "optional": true
    },
    "@esbuild/win32-arm64": {
      "version": "0.18.13",
      "resolved": "https://registry.npmjs.org/@esbuild/win32-arm64/-/win32-arm64-0.18.13.tgz",
      "integrity": "sha512-4CGYdRQT/ILd+yLLE5i4VApMPfGE0RPc/wFQhlluDQCK09+b4JDbxzzjpgQqTPrdnP7r5KUtGVGZYclYiPuHrw==",
      "dev": true,
      "optional": true
    },
    "@esbuild/win32-ia32": {
      "version": "0.18.13",
      "resolved": "https://registry.npmjs.org/@esbuild/win32-ia32/-/win32-ia32-0.18.13.tgz",
      "integrity": "sha512-D+wKZaRhQI+MUGMH+DbEr4owC2D7XnF+uyGiZk38QbgzLcofFqIOwFs7ELmIeU45CQgfHNy9Q+LKW3cE8g37Kg==",
      "dev": true,
      "optional": true
    },
    "@esbuild/win32-x64": {
      "version": "0.18.13",
      "resolved": "https://registry.npmjs.org/@esbuild/win32-x64/-/win32-x64-0.18.13.tgz",
      "integrity": "sha512-iVl6lehAfJS+VmpF3exKpNQ8b0eucf5VWfzR8S7xFve64NBNz2jPUgx1X93/kfnkfgP737O+i1k54SVQS7uVZA==",
      "dev": true,
      "optional": true
    },
    "@jridgewell/gen-mapping": {
      "version": "0.3.3",
      "resolved": "https://registry.npmjs.org/@jridgewell/gen-mapping/-/gen-mapping-0.3.3.tgz",
      "integrity": "sha512-HLhSWOLRi875zjjMG/r+Nv0oCW8umGb0BgEhyX3dDX3egwZtB8PqLnjz3yedt8R5StBrzcg4aBpnh8UA9D1BoQ==",
      "dev": true,
      "requires": {
        "@jridgewell/set-array": "^1.0.1",
        "@jridgewell/sourcemap-codec": "^1.4.10",
        "@jridgewell/trace-mapping": "^0.3.9"
      }
    },
    "@jridgewell/resolve-uri": {
      "version": "3.1.0",
      "resolved": "https://registry.npmjs.org/@jridgewell/resolve-uri/-/resolve-uri-3.1.0.tgz",
      "integrity": "sha512-F2msla3tad+Mfht5cJq7LSXcdudKTWCVYUgw6pLFOOHSTtZlj6SWNYAp+AhuqLmWdBO2X5hPrLcu8cVP8fy28w==",
      "dev": true
    },
    "@jridgewell/set-array": {
      "version": "1.1.2",
      "resolved": "https://registry.npmjs.org/@jridgewell/set-array/-/set-array-1.1.2.tgz",
      "integrity": "sha512-xnkseuNADM0gt2bs+BvhO0p78Mk762YnZdsuzFV018NoG1Sj1SCQvpSqa7XUaTam5vAGasABV9qXASMKnFMwMw==",
      "dev": true
    },
    "@jridgewell/source-map": {
      "version": "0.3.5",
      "resolved": "https://registry.npmjs.org/@jridgewell/source-map/-/source-map-0.3.5.tgz",
      "integrity": "sha512-UTYAUj/wviwdsMfzoSJspJxbkH5o1snzwX0//0ENX1u/55kkZZkcTZP6u9bwKGkv+dkk9at4m1Cpt0uY80kcpQ==",
      "dev": true,
      "requires": {
        "@jridgewell/gen-mapping": "^0.3.0",
        "@jridgewell/trace-mapping": "^0.3.9"
      }
    },
    "@jridgewell/sourcemap-codec": {
      "version": "1.4.15",
      "resolved": "https://registry.npmjs.org/@jridgewell/sourcemap-codec/-/sourcemap-codec-1.4.15.tgz",
      "integrity": "sha512-eF2rxCRulEKXHTRiDrDy6erMYWqNw4LPdQ8UQA4huuxaQsVeRPFl2oM8oDGxMFhJUWZf9McpLtJasDDZb/Bpeg=="
    },
    "@jridgewell/trace-mapping": {
      "version": "0.3.18",
      "resolved": "https://registry.npmjs.org/@jridgewell/trace-mapping/-/trace-mapping-0.3.18.tgz",
      "integrity": "sha512-w+niJYzMHdd7USdiH2U6869nqhD2nbfZXND5Yp93qIbEmnDNk7PD48o+YchRVpzMU7M6jVCbenTR7PA1FLQ9pA==",
      "dev": true,
      "requires": {
        "@jridgewell/resolve-uri": "3.1.0",
        "@jridgewell/sourcemap-codec": "1.4.14"
      },
      "dependencies": {
        "@jridgewell/sourcemap-codec": {
          "version": "1.4.14",
          "resolved": "https://registry.npmjs.org/@jridgewell/sourcemap-codec/-/sourcemap-codec-1.4.14.tgz",
          "integrity": "sha512-XPSJHWmi394fuUuzDnGz1wiKqWfo1yXecHQMRf2l6hztTO+nPru658AyDngaBe7isIxEkRsPR3FZh+s7iVa4Uw==",
          "dev": true
        }
      }
    },
    "@vitejs/plugin-vue": {
      "version": "4.2.3",
      "resolved": "https://registry.npmjs.org/@vitejs/plugin-vue/-/plugin-vue-4.2.3.tgz",
      "integrity": "sha512-R6JDUfiZbJA9cMiguQ7jxALsgiprjBeHL5ikpXfJCH62pPHtI+JdJ5xWj6Ev73yXSlYl86+blXn1kZHQ7uElxw==",
      "dev": true
    },
    "@vue/compiler-core": {
      "version": "3.3.4",
      "resolved": "https://registry.npmjs.org/@vue/compiler-core/-/compiler-core-3.3.4.tgz",
      "integrity": "sha512-cquyDNvZ6jTbf/+x+AgM2Arrp6G4Dzbb0R64jiG804HRMfRiFXWI6kqUVqZ6ZR0bQhIoQjB4+2bhNtVwndW15g==",
      "requires": {
        "@babel/parser": "^7.21.3",
        "@vue/shared": "3.3.4",
        "estree-walker": "^2.0.2",
        "source-map-js": "^1.0.2"
      }
    },
    "@vue/compiler-dom": {
      "version": "3.3.4",
      "resolved": "https://registry.npmjs.org/@vue/compiler-dom/-/compiler-dom-3.3.4.tgz",
      "integrity": "sha512-wyM+OjOVpuUukIq6p5+nwHYtj9cFroz9cwkfmP9O1nzH68BenTTv0u7/ndggT8cIQlnBeOo6sUT/gvHcIkLA5w==",
      "requires": {
        "@vue/compiler-core": "3.3.4",
        "@vue/shared": "3.3.4"
      }
    },
    "@vue/compiler-sfc": {
      "version": "3.3.4",
      "resolved": "https://registry.npmjs.org/@vue/compiler-sfc/-/compiler-sfc-3.3.4.tgz",
      "integrity": "sha512-6y/d8uw+5TkCuzBkgLS0v3lSM3hJDntFEiUORM11pQ/hKvkhSKZrXW6i69UyXlJQisJxuUEJKAWEqWbWsLeNKQ==",
      "requires": {
        "@babel/parser": "^7.20.15",
        "@vue/compiler-core": "3.3.4",
        "@vue/compiler-dom": "3.3.4",
        "@vue/compiler-ssr": "3.3.4",
        "@vue/reactivity-transform": "3.3.4",
        "@vue/shared": "3.3.4",
        "estree-walker": "^2.0.2",
        "magic-string": "^0.30.0",
        "postcss": "^8.1.10",
        "source-map-js": "^1.0.2"
      }
    },
    "@vue/compiler-ssr": {
      "version": "3.3.4",
      "resolved": "https://registry.npmjs.org/@vue/compiler-ssr/-/compiler-ssr-3.3.4.tgz",
      "integrity": "sha512-m0v6oKpup2nMSehwA6Uuu+j+wEwcy7QmwMkVNVfrV9P2qE5KshC6RwOCq8fjGS/Eak/uNb8AaWekfiXxbBB6gQ==",
      "requires": {
        "@vue/compiler-dom": "3.3.4",
        "@vue/shared": "3.3.4"
      }
    },
    "@vue/devtools-api": {
      "version": "6.5.0",
      "resolved": "https://registry.npmjs.org/@vue/devtools-api/-/devtools-api-6.5.0.tgz",
      "integrity": "sha512-o9KfBeaBmCKl10usN4crU53fYtC1r7jJwdGKjPT24t348rHxgfpZ0xL3Xm/gLUYnc0oTp8LAmrxOeLyu6tbk2Q=="
    },
    "@vue/reactivity": {
      "version": "3.3.4",
      "resolved": "https://registry.npmjs.org/@vue/reactivity/-/reactivity-3.3.4.tgz",
      "integrity": "sha512-kLTDLwd0B1jG08NBF3R5rqULtv/f8x3rOFByTDz4J53ttIQEDmALqKqXY0J+XQeN0aV2FBxY8nJDf88yvOPAqQ==",
      "requires": {
        "@vue/shared": "3.3.4"
      }
    },
    "@vue/reactivity-transform": {
      "version": "3.3.4",
      "resolved": "https://registry.npmjs.org/@vue/reactivity-transform/-/reactivity-transform-3.3.4.tgz",
      "integrity": "sha512-MXgwjako4nu5WFLAjpBnCj/ieqcjE2aJBINUNQzkZQfzIZA4xn+0fV1tIYBJvvva3N3OvKGofRLvQIwEQPpaXw==",
      "requires": {
        "@babel/parser": "^7.20.15",
        "@vue/compiler-core": "3.3.4",
        "@vue/shared": "3.3.4",
        "estree-walker": "^2.0.2",
        "magic-string": "^0.30.0"
      }
    },
    "@vue/runtime-core": {
      "version": "3.3.4",
      "resolved": "https://registry.npmjs.org/@vue/runtime-core/-/runtime-core-3.3.4.tgz",
      "integrity": "sha512-R+bqxMN6pWO7zGI4OMlmvePOdP2c93GsHFM/siJI7O2nxFRzj55pLwkpCedEY+bTMgp5miZ8CxfIZo3S+gFqvA==",
      "requires": {
        "@vue/reactivity": "3.3.4",
        "@vue/shared": "3.3.4"
      }
    },
    "@vue/runtime-dom": {
      "version": "3.3.4",
      "resolved": "https://registry.npmjs.org/@vue/runtime-dom/-/runtime-dom-3.3.4.tgz",
      "integrity": "sha512-Aj5bTJ3u5sFsUckRghsNjVTtxZQ1OyMWCr5dZRAPijF/0Vy4xEoRCwLyHXcj4D0UFbJ4lbx3gPTgg06K/GnPnQ==",
      "requires": {
        "@vue/runtime-core": "3.3.4",
        "@vue/shared": "3.3.4",
        "csstype": "^3.1.1"
      }
    },
    "@vue/server-renderer": {
      "version": "3.3.4",
      "resolved": "https://registry.npmjs.org/@vue/server-renderer/-/server-renderer-3.3.4.tgz",
      "integrity": "sha512-Q6jDDzR23ViIb67v+vM1Dqntu+HUexQcsWKhhQa4ARVzxOY2HbC7QRW/ggkDBd5BU+uM1sV6XOAP0b216o34JQ==",
      "requires": {
        "@vue/compiler-ssr": "3.3.4",
        "@vue/shared": "3.3.4"
      }
    },
    "@vue/shared": {
      "version": "3.3.4",
      "resolved": "https://registry.npmjs.org/@vue/shared/-/shared-3.3.4.tgz",
      "integrity": "sha512-7OjdcV8vQ74eiz1TZLzZP4JwqM5fA94K6yntPS5Z25r9HDuGNzaGdgvwKYq6S+MxwF0TFRwe50fIR/MYnakdkQ=="
    },
    "acorn": {
      "version": "8.10.0",
      "resolved": "https://registry.npmjs.org/acorn/-/acorn-8.10.0.tgz",
      "integrity": "sha512-F0SAmZ8iUtS//m8DmCTA0jlh6TDKkHQyK6xc6V4KDTyZKA9dnvX9/3sRTVQrWm79glUAZbnmmNcdYwUIHWVybw==",
      "dev": true
    },
    "ansi-styles": {
      "version": "4.3.0",
      "resolved": "https://registry.npmjs.org/ansi-styles/-/ansi-styles-4.3.0.tgz",
      "integrity": "sha512-zbB9rCJAT1rbjiVDb2hqKFHNYLxgtk8NURxZ3IZwD3F6NtxbXZQCnnSi1Lkx+IDohdPlFp222wVALIheZJQSEg==",
      "dev": true,
      "requires": {
        "color-convert": "^2.0.1"
      }
    },
    "buffer-from": {
      "version": "1.1.2",
      "resolved": "https://registry.npmjs.org/buffer-from/-/buffer-from-1.1.2.tgz",
      "integrity": "sha512-E+XQCRwSbaaiChtv6k6Dwgc+bx+Bs6vuKJHHl5kox/BaKbhiXzqQOwK4cO22yElGp2OCmjwVhT3HmxgyPGnJfQ==",
      "dev": true
    },
    "chalk": {
      "version": "4.1.2",
      "resolved": "https://registry.npmjs.org/chalk/-/chalk-4.1.2.tgz",
      "integrity": "sha512-oKnbhFyRIXpUuez8iBMmyEa4nbj4IOQyuhc/wy9kY7/WVPcwIO9VA668Pu8RkO7+0G76SLROeyw9CpQ061i4mA==",
      "dev": true,
      "requires": {
        "ansi-styles": "^4.1.0",
        "supports-color": "^7.1.0"
      }
    },
    "color-convert": {
      "version": "2.0.1",
      "resolved": "https://registry.npmjs.org/color-convert/-/color-convert-2.0.1.tgz",
      "integrity": "sha512-RRECPsj7iu/xb5oKYcsFHSppFNnsj/52OVTRKb4zP5onXwVF3zVmmToNcOfGC+CRDpfK/U584fMg38ZHCaElKQ==",
      "dev": true,
      "requires": {
        "color-name": "~1.1.4"
      }
    },
    "color-name": {
      "version": "1.1.4",
      "resolved": "https://registry.npmjs.org/color-name/-/color-name-1.1.4.tgz",
      "integrity": "sha512-dOy+3AuW3a2wNbZHIuMZpTcgjGuLU/uBL/ubcZF9OXbDo8ff4O8yVp5Bf0efS8uEoYo5q4Fx7dY9OgQGXgAsQA==",
      "dev": true
    },
    "commander": {
      "version": "2.20.3",
      "resolved": "https://registry.npmjs.org/commander/-/commander-2.20.3.tgz",
      "integrity": "sha512-GpVkmM8vF2vQUkj2LvZmD35JxeJOLCwJ9cUkugyk2nuhbv3+mJvpLYYt+0+USMxE+oj+ey/lJEnhZw75x/OMcQ==",
      "dev": true
    },
    "copy-anything": {
      "version": "2.0.6",
      "resolved": "https://registry.npmjs.org/copy-anything/-/copy-anything-2.0.6.tgz",
      "integrity": "sha512-1j20GZTsvKNkc4BY3NpMOM8tt///wY3FpIzozTOFO2ffuZcV61nojHXVKIy3WM+7ADCy5FVhdZYHYDdgTU0yJw==",
      "dev": true,
      "requires": {
        "is-what": "^3.14.1"
      }
    },
    "csstype": {
      "version": "3.1.2",
      "resolved": "https://registry.npmjs.org/csstype/-/csstype-3.1.2.tgz",
      "integrity": "sha512-I7K1Uu0MBPzaFKg4nI5Q7Vs2t+3gWWW648spaF+Rg7pI9ds18Ugn+lvg4SHczUdKlHI5LWBXyqfS8+DufyBsgQ=="
    },
    "debug": {
      "version": "3.2.7",
      "resolved": "https://registry.npmjs.org/debug/-/debug-3.2.7.tgz",
      "integrity": "sha512-CFjzYYAi4ThfiQvizrFQevTTXHtnCqWfe7x1AhgEscTz6ZbLbfoLRLPugTQyBth6f8ZERVUSyWHFD/7Wu4t1XQ==",
      "dev": true,
      "optional": true,
      "requires": {
        "ms": "^2.1.1"
      }
    },
    "errno": {
      "version": "0.1.8",
      "resolved": "https://registry.npmjs.org/errno/-/errno-0.1.8.tgz",
      "integrity": "sha512-dJ6oBr5SQ1VSd9qkk7ByRgb/1SH4JZjCHSW/mr63/QcXO9zLVxvJ6Oy13nio03rxpSnVDDjFor75SjVeZWPW/A==",
      "dev": true,
      "optional": true,
      "requires": {
        "prr": "~1.0.1"
      }
    },
    "esbuild": {
      "version": "0.18.13",
      "resolved": "https://registry.npmjs.org/esbuild/-/esbuild-0.18.13.tgz",
      "integrity": "sha512-vhg/WR/Oiu4oUIkVhmfcc23G6/zWuEQKFS+yiosSHe4aN6+DQRXIfeloYGibIfVhkr4wyfuVsGNLr+sQU1rWWw==",
      "dev": true,
      "requires": {
        "@esbuild/android-arm": "0.18.13",
        "@esbuild/android-arm64": "0.18.13",
        "@esbuild/android-x64": "0.18.13",
        "@esbuild/darwin-arm64": "0.18.13",
        "@esbuild/darwin-x64": "0.18.13",
        "@esbuild/freebsd-arm64": "0.18.13",
        "@esbuild/freebsd-x64": "0.18.13",
        "@esbuild/linux-arm": "0.18.13",
        "@esbuild/linux-arm64": "0.18.13",
        "@esbuild/linux-ia32": "0.18.13",
        "@esbuild/linux-loong64": "0.18.13",
        "@esbuild/linux-mips64el": "0.18.13",
        "@esbuild/linux-ppc64": "0.18.13",
        "@esbuild/linux-riscv64": "0.18.13",
        "@esbuild/linux-s390x": "0.18.13",
        "@esbuild/linux-x64": "0.18.13",
        "@esbuild/netbsd-x64": "0.18.13",
        "@esbuild/openbsd-x64": "0.18.13",
        "@esbuild/sunos-x64": "0.18.13",
        "@esbuild/win32-arm64": "0.18.13",
        "@esbuild/win32-ia32": "0.18.13",
        "@esbuild/win32-x64": "0.18.13"
      }
    },
    "estree-walker": {
      "version": "2.0.2",
      "resolved": "https://registry.npmjs.org/estree-walker/-/estree-walker-2.0.2.tgz",
      "integrity": "sha512-Rfkk/Mp/DL7JVje3u18FxFujQlTNR2q6QfMSMB7AvCBx91NGj/ba3kCfza0f6dVDbw7YlRf/nDrn7pQrCCyQ/w=="
    },
    "fs-extra": {
      "version": "10.1.0",
      "resolved": "https://registry.npmjs.org/fs-extra/-/fs-extra-10.1.0.tgz",
      "integrity": "sha512-oRXApq54ETRj4eMiFzGnHWGy+zo5raudjuxN0b8H7s/RU2oW0Wvsx9O0ACRN/kRq9E8Vu/ReskGB5o3ji+FzHQ==",
      "dev": true,
      "requires": {
        "graceful-fs": "^4.2.0",
        "jsonfile": "^6.0.1",
        "universalify": "^2.0.0"
      }
    },
    "fsevents": {
      "version": "2.3.2",
      "resolved": "https://registry.npmjs.org/fsevents/-/fsevents-2.3.2.tgz",
      "integrity": "sha512-xiqMQR4xAeHTuB9uWm+fFRcIOgKBMiOBP+eXiyT7jsgVCq1bkVygt00oASowB7EdtpOHaaPgKt812P9ab+DDKA==",
      "dev": true,
      "optional": true
    },
    "graceful-fs": {
      "version": "4.2.11",
      "resolved": "https://registry.npmjs.org/graceful-fs/-/graceful-fs-4.2.11.tgz",
      "integrity": "sha512-RbJ5/jmFcNNCcDV5o9eTnBLJ/HszWV0P73bc+Ff4nS/rJj+YaS6IGyiOL0VoBYX+l1Wrl3k63h/KrH+nhJ0XvQ==",
      "dev": true
    },
    "has-flag": {
      "version": "4.0.0",
      "resolved": "https://registry.npmjs.org/has-flag/-/has-flag-4.0.0.tgz",
      "integrity": "sha512-EykJT/Q1KjTWctppgIAgfSO0tKVuZUjhgMr17kqTumMl6Afv3EISleU7qZUzoXDFTAHTDC4NOoG/ZxU3EvlMPQ==",
      "dev": true
    },
    "iconv-lite": {
      "version": "0.6.3",
      "resolved": "https://registry.npmjs.org/iconv-lite/-/iconv-lite-0.6.3.tgz",
      "integrity": "sha512-4fCk79wshMdzMp2rH06qWrJE4iolqLhCUH+OiuIgU++RB0+94NlDL81atO7GX55uUKueo0txHNtvEyI6D7WdMw==",
      "dev": true,
      "optional": true,
      "requires": {
        "safer-buffer": ">= 2.1.2 < 3.0.0"
      }
    },
    "image-size": {
      "version": "0.5.5",
      "resolved": "https://registry.npmjs.org/image-size/-/image-size-0.5.5.tgz",
      "integrity": "sha512-6TDAlDPZxUFCv+fuOkIoXT/V/f3Qbq8e37p+YOiYrUv3v9cc3/6x78VdfPgFVaB9dZYeLUfKgHRebpkm/oP2VQ==",
      "dev": true,
      "optional": true
    },
    "is-what": {
      "version": "3.14.1",
      "resolved": "https://registry.npmjs.org/is-what/-/is-what-3.14.1.tgz",
      "integrity": "sha512-sNxgpk9793nzSs7bA6JQJGeIuRBQhAaNGG77kzYQgMkrID+lS6SlK07K5LaptscDlSaIgH+GPFzf+d75FVxozA==",
      "dev": true
    },
    "jsonfile": {
      "version": "6.1.0",
      "resolved": "https://registry.npmjs.org/jsonfile/-/jsonfile-6.1.0.tgz",
      "integrity": "sha512-5dgndWOriYSm5cnYaJNhalLNDKOqFwyDB/rr1E9ZsGciGvKPs8R2xYGCacuf3z6K1YKDz182fd+fY3cn3pMqXQ==",
      "dev": true,
      "requires": {
        "graceful-fs": "^4.1.6",
        "universalify": "^2.0.0"
      }
    },
    "klona": {
      "version": "2.0.6",
      "resolved": "https://registry.npmjs.org/klona/-/klona-2.0.6.tgz",
      "integrity": "sha512-dhG34DXATL5hSxJbIexCft8FChFXtmskoZYnoPWjXQuebWYCNkVeV3KkGegCK9CP1oswI/vQibS2GY7Em/sJJA==",
      "dev": true
    },
    "less": {
      "version": "4.1.3",
      "resolved": "https://registry.npmjs.org/less/-/less-4.1.3.tgz",
      "integrity": "sha512-w16Xk/Ta9Hhyei0Gpz9m7VS8F28nieJaL/VyShID7cYvP6IL5oHeL6p4TXSDJqZE/lNv0oJ2pGVjJsRkfwm5FA==",
      "dev": true,
      "requires": {
        "copy-anything": "^2.0.1",
        "errno": "^0.1.1",
        "graceful-fs": "^4.1.2",
        "image-size": "~0.5.0",
        "make-dir": "^2.1.0",
        "mime": "^1.4.1",
        "needle": "^3.1.0",
        "parse-node-version": "^1.0.1",
        "source-map": "~0.6.0",
        "tslib": "^2.3.0"
      }
    },
    "less-loader": {
      "version": "10.2.0",
      "resolved": "https://registry.npmjs.org/less-loader/-/less-loader-10.2.0.tgz",
      "integrity": "sha512-AV5KHWvCezW27GT90WATaDnfXBv99llDbtaj4bshq6DvAihMdNjaPDcUMa6EXKLRF+P2opFenJp89BXg91XLYg==",
      "dev": true,
      "requires": {
        "klona": "^2.0.4"
      }
    },
    "magic-string": {
      "version": "0.30.1",
      "resolved": "https://registry.npmjs.org/magic-string/-/magic-string-0.30.1.tgz",
      "integrity": "sha512-mbVKXPmS0z0G4XqFDCTllmDQ6coZzn94aMlb0o/A4HEHJCKcanlDZwYJgwnkmgD3jyWhUgj9VsPrfd972yPffA==",
      "requires": {
        "@jridgewell/sourcemap-codec": "^1.4.15"
      }
    },
    "make-dir": {
      "version": "2.1.0",
      "resolved": "https://registry.npmjs.org/make-dir/-/make-dir-2.1.0.tgz",
      "integrity": "sha512-LS9X+dc8KLxXCb8dni79fLIIUA5VyZoyjSMCwTluaXA0o27cCK0bhXkpgw+sTXVpPy/lSO57ilRixqk0vDmtRA==",
      "dev": true,
      "optional": true,
      "requires": {
        "pify": "^4.0.1",
        "semver": "^5.6.0"
      }
    },
    "mime": {
      "version": "1.6.0",
      "resolved": "https://registry.npmjs.org/mime/-/mime-1.6.0.tgz",
      "integrity": "sha512-x0Vn8spI+wuJ1O6S7gnbaQg8Pxh4NNHb7KSINmEWKiPE4RKOplvijn+NkmYmmRgP68mc70j2EbeTFRsrswaQeg==",
      "dev": true,
      "optional": true
    },
    "ms": {
      "version": "2.1.3",
      "resolved": "https://registry.npmjs.org/ms/-/ms-2.1.3.tgz",
      "integrity": "sha512-6FlzubTLZG3J2a/NVCAleEhjzq5oxgHyaCU9yYXvcLsvoVaHJq/s5xXI6/XXP6tz7R9xAOtHnSO/tXtF3WRTlA==",
      "dev": true,
      "optional": true
    },
    "nanoid": {
      "version": "3.3.6",
      "resolved": "https://registry.npmjs.org/nanoid/-/nanoid-3.3.6.tgz",
      "integrity": "sha512-BGcqMMJuToF7i1rt+2PWSNVnWIkGCU78jBG3RxO/bZlnZPK2Cmi2QaffxGO/2RvWi9sL+FAiRiXMgsyxQ1DIDA=="
    },
    "needle": {
      "version": "3.2.0",
      "resolved": "https://registry.npmjs.org/needle/-/needle-3.2.0.tgz",
      "integrity": "sha512-oUvzXnyLiVyVGoianLijF9O/RecZUf7TkBfimjGrLM4eQhXyeJwM6GeAWccwfQ9aa4gMCZKqhAOuLaMIcQxajQ==",
      "dev": true,
      "optional": true,
      "requires": {
        "debug": "^3.2.6",
        "iconv-lite": "^0.6.3",
        "sax": "^1.2.4"
      }
    },
    "parse-node-version": {
      "version": "1.0.1",
      "resolved": "https://registry.npmjs.org/parse-node-version/-/parse-node-version-1.0.1.tgz",
      "integrity": "sha512-3YHlOa/JgH6Mnpr05jP9eDG254US9ek25LyIxZlDItp2iJtwyaXQb57lBYLdT3MowkUFYEV2XXNAYIPlESvJlA==",
      "dev": true
    },
    "picocolors": {
      "version": "1.0.0",
      "resolved": "https://registry.npmjs.org/picocolors/-/picocolors-1.0.0.tgz",
      "integrity": "sha512-1fygroTLlHu66zi26VoTDv8yRgm0Fccecssto+MhsZ0D/DGW2sm8E8AjW7NU5VVTRt5GxbeZ5qBuJr+HyLYkjQ=="
    },
    "pify": {
      "version": "4.0.1",
      "resolved": "https://registry.npmjs.org/pify/-/pify-4.0.1.tgz",
      "integrity": "sha512-uB80kBFb/tfd68bVleG9T5GGsGPjJrLAUpR5PZIrhBnIaRTQRjqdJSsIKkOP6OAIFbj7GOrcudc5pNjZ+geV2g==",
      "dev": true,
      "optional": true
    },
    "postcss": {
      "version": "8.4.26",
      "resolved": "https://registry.npmjs.org/postcss/-/postcss-8.4.26.tgz",
      "integrity": "sha512-jrXHFF8iTloAenySjM/ob3gSj7pCu0Ji49hnjqzsgSRa50hkWCKD0HQ+gMNJkW38jBI68MpAAg7ZWwHwX8NMMw==",
      "requires": {
        "nanoid": "^3.3.6",
        "picocolors": "^1.0.0",
        "source-map-js": "^1.0.2"
      }
    },
    "prr": {
      "version": "1.0.1",
      "resolved": "https://registry.npmjs.org/prr/-/prr-1.0.1.tgz",
      "integrity": "sha512-yPw4Sng1gWghHQWj0B3ZggWUm4qVbPwPFcRG8KyxiU7J2OHFSoEHKS+EZ3fv5l1t9CyCiop6l/ZYeWbrgoQejw==",
      "dev": true,
      "optional": true
    },
    "rollup": {
      "version": "3.26.3",
      "resolved": "https://registry.npmjs.org/rollup/-/rollup-3.26.3.tgz",
      "integrity": "sha512-7Tin0C8l86TkpcMtXvQu6saWH93nhG3dGQ1/+l5V2TDMceTxO7kDiK6GzbfLWNNxqJXm591PcEZUozZm51ogwQ==",
      "dev": true,
      "requires": {
        "fsevents": "~2.3.2"
      }
    },
    "safer-buffer": {
      "version": "2.1.2",
      "resolved": "https://registry.npmjs.org/safer-buffer/-/safer-buffer-2.1.2.tgz",
      "integrity": "sha512-YZo3K82SD7Riyi0E1EQPojLz7kpepnSQI9IyPbHHg1XXXevb5dJI7tpyN2ADxGcQbHG7vcyRHk0cbwqcQriUtg==",
      "dev": true,
      "optional": true
    },
    "sax": {
      "version": "1.2.4",
      "resolved": "https://registry.npmjs.org/sax/-/sax-1.2.4.tgz",
      "integrity": "sha512-NqVDv9TpANUjFm0N8uM5GxL36UgKi9/atZw+x7YFnQ8ckwFGKrl4xX4yWtrey3UJm5nP1kUbnYgLopqWNSRhWw==",
      "dev": true,
      "optional": true
    },
    "semver": {
      "version": "5.7.2",
      "resolved": "https://registry.npmjs.org/semver/-/semver-5.7.2.tgz",
      "integrity": "sha512-cBznnQ9KjJqU67B52RMC65CMarK2600WFnbkcaiwWq3xy/5haFJlshgnpjovMVJ+Hff49d8GEn0b87C5pDQ10g==",
      "dev": true,
      "optional": true
    },
    "source-map": {
      "version": "0.6.1",
      "resolved": "https://registry.npmjs.org/source-map/-/source-map-0.6.1.tgz",
      "integrity": "sha512-UjgapumWlbMhkBgzT7Ykc5YXUT46F0iKu8SGXq0bcwP5dz/h0Plj6enJqjz1Zbq2l5WaqYnrVbwWOWMyF3F47g==",
      "dev": true
    },
    "source-map-js": {
      "version": "1.0.2",
      "resolved": "https://registry.npmjs.org/source-map-js/-/source-map-js-1.0.2.tgz",
      "integrity": "sha512-R0XvVJ9WusLiqTCEiGCmICCMplcCkIwwR11mOSD9CR5u+IXYdiseeEuXCVAjS54zqwkLcPNnmU4OeJ6tUrWhDw=="
    },
    "source-map-support": {
      "version": "0.5.21",
      "resolved": "https://registry.npmjs.org/source-map-support/-/source-map-support-0.5.21.tgz",
      "integrity": "sha512-uBHU3L3czsIyYXKX88fdrGovxdSCoTGDRZ6SYXtSRxLZUzHg5P/66Ht6uoUlHu9EZod+inXhKo3qQgwXUT/y1w==",
      "dev": true,
      "requires": {
        "buffer-from": "^1.0.0",
        "source-map": "^0.6.0"
      }
    },
    "supports-color": {
      "version": "7.2.0",
      "resolved": "https://registry.npmjs.org/supports-color/-/supports-color-7.2.0.tgz",
      "integrity": "sha512-qpCAvRl9stuOHveKsn7HncJRvv501qIacKzQlO/+Lwxc9+0q2wLyv4Dfvt80/DPn2pqOBsJdDiogXGR9+OvwRw==",
      "dev": true,
      "requires": {
        "has-flag": "^4.0.0"
      }
    },
    "terser": {
      "version": "5.19.1",
      "resolved": "https://registry.npmjs.org/terser/-/terser-5.19.1.tgz",
      "integrity": "sha512-27hxBUVdV6GoNg1pKQ7Z5cbR6V9txPVyBA+FQw3BaZ1Wuzvztce5p156DaP0NVZNrMZZ+6iG9Syf7WgMNKDg2Q==",
      "dev": true,
      "requires": {
        "@jridgewell/source-map": "^0.3.3",
        "acorn": "^8.8.2",
        "commander": "^2.20.0",
        "source-map-support": "~0.5.20"
      }
    },
    "tslib": {
      "version": "2.6.0",
      "resolved": "https://registry.npmjs.org/tslib/-/tslib-2.6.0.tgz",
      "integrity": "sha512-7At1WUettjcSRHXCyYtTselblcHl9PJFFVKiCAy/bY97+BPZXSQ2wbq0P9s8tK2G7dFQfNnlJnPAiArVBVBsfA==",
      "dev": true
    },
    "universalify": {
      "version": "2.0.0",
      "resolved": "https://registry.npmjs.org/universalify/-/universalify-2.0.0.tgz",
      "integrity": "sha512-hAZsKq7Yy11Zu1DE0OzWjw7nnLZmJZYTDZZyEFHZdUhV8FkH5MCfoU1XMaxXovpyW5nq5scPqq0ZDP9Zyl04oQ==",
      "dev": true
    },
    "vite": {
      "version": "4.4.4",
      "resolved": "https://registry.npmjs.org/vite/-/vite-4.4.4.tgz",
      "integrity": "sha512-4mvsTxjkveWrKDJI70QmelfVqTm+ihFAb6+xf4sjEU2TmUCTlVX87tmg/QooPEMQb/lM9qGHT99ebqPziEd3wg==",
      "dev": true,
      "requires": {
        "esbuild": "^0.18.10",
        "fsevents": "~2.3.2",
        "postcss": "^8.4.25",
        "rollup": "^3.25.2"
      }
    },
    "vite-plugin-compression": {
      "version": "0.5.1",
      "resolved": "https://registry.npmjs.org/vite-plugin-compression/-/vite-plugin-compression-0.5.1.tgz",
      "integrity": "sha512-5QJKBDc+gNYVqL/skgFAP81Yuzo9R+EAf19d+EtsMF/i8kFUpNi3J/H01QD3Oo8zBQn+NzoCIFkpPLynoOzaJg==",
      "dev": true,
      "requires": {
        "chalk": "^4.1.2",
        "debug": "^4.3.3",
        "fs-extra": "^10.0.0"
      },
      "dependencies": {
        "debug": {
          "version": "4.3.4",
          "resolved": "https://registry.npmjs.org/debug/-/debug-4.3.4.tgz",
          "integrity": "sha512-PRWFHuSU3eDtQJPvnNY7Jcket1j0t5OuOsFzPPzsekD52Zl8qUfFIPEiswXqIvHWGVHOgX+7G/vCNNhehwxfkQ==",
          "dev": true,
          "requires": {
            "ms": "2.1.2"
          }
        },
        "ms": {
          "version": "2.1.2",
          "resolved": "https://registry.npmjs.org/ms/-/ms-2.1.2.tgz",
          "integrity": "sha512-sGkPx+VjMtmA6MX27oA4FBFELFCZZ4S4XqeGOXCv68tT+jb3vk/RyaKWP0PTKyWtmLSM0b+adUTEvbs1PEaH2w==",
          "dev": true
        }
      }
    },
    "vue": {
      "version": "3.3.4",
      "resolved": "https://registry.npmjs.org/vue/-/vue-3.3.4.tgz",
      "integrity": "sha512-VTyEYn3yvIeY1Py0WaYGZsXnz3y5UnGi62GjVEqvEGPl6nxbOrCXbVOTQWBEJUqAyTUk2uJ5JLVnYJ6ZzGbrSw==",
      "requires": {
        "@vue/compiler-dom": "3.3.4",
        "@vue/compiler-sfc": "3.3.4",
        "@vue/runtime-dom": "3.3.4",
        "@vue/server-renderer": "3.3.4",
        "@vue/shared": "3.3.4"
      }
    },
    "vue-router": {
      "version": "4.2.4",
      "resolved": "https://registry.npmjs.org/vue-router/-/vue-router-4.2.4.tgz",
      "integrity": "sha512-9PISkmaCO02OzPVOMq2w82ilty6+xJmQrarYZDkjZBfl4RvYAlt4PKnEX21oW4KTtWfa9OuO/b3qk1Od3AEdCQ==",
      "requires": {
        "@vue/devtools-api": "^6.5.0"
      }
    }
  }
}
